github.com/Rhymond/go-money v1.0.1 h1:76M1Y96TMh5jRb7DkZQGEyPBhIsoVK6LOWCbmNVlMAw=
github.com/Rhymond/go-money v1.0.1/go.mod h1:iHvCuIvitxu2JIlAlhF0g9jHqjRSr+rpdOs7Omqlupg=
github.com/friendsofgo/errors v0.9.2 h1:X6NYxef4efCBdwI7BgS820zFaN7Cphrmb+Pljdzjtgk=
github.com/friendsofgo/errors v0.9.2/go.mod h1:yCvFW5AkDIL9qn7suHVLiI/gH228n7PC4Pn44IGoTOI=
github.com/gofrs/uuid v3.2.0+incompatible h1:y12jRkkFxsd7GpqdSZ+/KCs/fJbqpEXSGd4+jfEaewE=
github.com/gofrs/uuid v3.2.0+incompatible/go.mod h1:b2aQJv3Z4Fp6yNu3cdSllBxTCLRxnplIgP/c0N/04lM=
github.com/rakyll/statik v0.1.7 h1:OF3QCZUuyPxuGEP7B4ypUa7sB/iHtqOTDYZXGM8KOdQ=
github.com/rakyll/statik v0.1.7/go.mod h1:AlZONWzMtEnMs7W4e/1LURLiI49pIMmp6V9Unghqrcc=
github.com/volatiletech/inflect v0.0.0-20170731032912-e7201282ae8d h1:gI4/tqP6lCY5k6Sg+4k9qSoBXmPwG+xXgMpK7jivD4M=
github.com/volatiletech/inflect v0.0.0-20170731032912-e7201282ae8d/go.mod h1:jspfvgf53t5NLUT4o9L1IX0kIBNKamGq1tWc/MgWK9Q=
github.com/volatiletech/null v8.0.0+incompatible h1:7wP8m5d/gZ6kW/9GnrLtMCRre2dlEnaQ9Km5OXlK4zg=
github.com/volatiletech/null v8.0.0+incompatible/go.mod h1:0wD98JzdqB+rLyZ70fN05VDbXbafIb0KU0MdVhCzmOQ=
github.com/volatiletech/sqlboiler v3.7.0+incompatible h1:tgc0UL8e1YW2g01ic472UMtSqrert5cSyz7tWWDIJbU=
github.com/volatiletech/sqlboiler v3.7.0+incompatible/go.mod h1:jLfDkkHWPbS2cWRLkyC20vQWaIQsASEY7gM7zSo11Yw=
golang.org/x/xerrors v0.0.0-20190717185122-a985d3407aa7 h1:9zdDQZ7Thm29KFXgAX/+yaf3eVbP7djjWp/dXAppNCc=
golang.org/x/xerrors v0.0.0-20190717185122-a985d3407aa7/go.mod h1:I/5z698sn9Ka8TeJc9MKroUUfqBBauWjQqLJ2OPfmY0=
